// !$*UTF8*$!
{
	archiveVersion = 1;
	classes = {
	};
	objectVersion = 46;
	objects = {

/* Begin PBXBuildFile section */
		44B610D21A1112E5003C5AAE /* Foundation.framework in Frameworks */ = {isa = PBXBuildFile; fileRef = 44B610D11A1112E5003C5AAE /* Foundation.framework */; };
		44B610D41A1112E5003C5AAE /* CoreGraphics.framework in Frameworks */ = {isa = PBXBuildFile; fileRef = 44B610D31A1112E5003C5AAE /* CoreGraphics.framework */; };
		44B610D61A1112E5003C5AAE /* UIKit.framework in Frameworks */ = {isa = PBXBuildFile; fileRef = 44B610D51A1112E5003C5AAE /* UIKit.framework */; };
		44B610DC1A1112E5003C5AAE /* InfoPlist.strings in Resources */ = {isa = PBXBuildFile; fileRef = 44B610DA1A1112E5003C5AAE /* InfoPlist.strings */; };
		44B610DE1A1112E5003C5AAE /* main.m in Sources */ = {isa = PBXBuildFile; fileRef = 44B610DD1A1112E5003C5AAE /* main.m */; };
		44B610E21A1112E5003C5AAE /* AppDelegate.m in Sources */ = {isa = PBXBuildFile; fileRef = 44B610E11A1112E5003C5AAE /* AppDelegate.m */; };
		44B610E51A1112E5003C5AAE /* Main.storyboard in Resources */ = {isa = PBXBuildFile; fileRef = 44B610E31A1112E5003C5AAE /* Main.storyboard */; };
		44B610E81A1112E5003C5AAE /* ViewController.m in Sources */ = {isa = PBXBuildFile; fileRef = 44B610E71A1112E5003C5AAE /* ViewController.m */; };
		44B610EA1A1112E5003C5AAE /* Images.xcassets in Resources */ = {isa = PBXBuildFile; fileRef = 44B610E91A1112E5003C5AAE /* Images.xcassets */; };
		44B610F11A1112E5003C5AAE /* XCTest.framework in Frameworks */ = {isa = PBXBuildFile; fileRef = 44B610F01A1112E5003C5AAE /* XCTest.framework */; };
		44B610F21A1112E5003C5AAE /* Foundation.framework in Frameworks */ = {isa = PBXBuildFile; fileRef = 44B610D11A1112E5003C5AAE /* Foundation.framework */; };
		44B610F31A1112E5003C5AAE /* UIKit.framework in Frameworks */ = {isa = PBXBuildFile; fileRef = 44B610D51A1112E5003C5AAE /* UIKit.framework */; };
		44B610FB1A1112E6003C5AAE /* InfoPlist.strings in Resources */ = {isa = PBXBuildFile; fileRef = 44B610F91A1112E6003C5AAE /* InfoPlist.strings */; };
		44B610FD1A1112E6003C5AAE /* openTests.m in Sources */ = {isa = PBXBuildFile; fileRef = 44B610FC1A1112E6003C5AAE /* openTests.m */; };
		44B611071A1113E5003C5AAE /* images.jpeg in Resources */ = {isa = PBXBuildFile; fileRef = 44B611061A1113E5003C5AAE /* images.jpeg */; };
		44B611091A1114EF003C5AAE /* heart.png in Resources */ = {isa = PBXBuildFile; fileRef = 44B611081A1114EF003C5AAE /* heart.png */; };
/* End PBXBuildFile section */

/* Begin PBXContainerItemProxy section */
		44B610F41A1112E6003C5AAE /* PBXContainerItemProxy */ = {
			isa = PBXContainerItemProxy;
			containerPortal = 44B610C61A1112E5003C5AAE /* Project object */;
			proxyType = 1;
			remoteGlobalIDString = 44B610CD1A1112E5003C5AAE;
			remoteInfo = open;
		};
/* End PBXContainerItemProxy section */

/* Begin PBXFileReference section */
		44B610CE1A1112E5003C5AAE /* open.app */ = {isa = PBXFileReference; explicitFileType = wrapper.application; includeInIndex = 0; path = open.app; sourceTree = BUILT_PRODUCTS_DIR; };
		44B610D11A1112E5003C5AAE /* Foundation.framework */ = {isa = PBXFileReference; lastKnownFileType = wrapper.framework; name = Foundation.framework; path = System/Library/Frameworks/Foundation.framework; sourceTree = SDKROOT; };
		44B610D31A1112E5003C5AAE /* CoreGraphics.framework */ = {isa = PBXFileReference; lastKnownFileType = wrapper.framework; name = CoreGraphics.framework; path = System/Library/Frameworks/CoreGraphics.framework; sourceTree = SDKROOT; };
		44B610D51A1112E5003C5AAE /* UIKit.framework */ = {isa = PBXFileReference; lastKnownFileType = wrapper.framework; name = UIKit.framework; path = System/Library/Frameworks/UIKit.framework; sourceTree = SDKROOT; };
		44B610D91A1112E5003C5AAE /* open-Info.plist */ = {isa = PBXFileReference; lastKnownFileType = text.plist.xml; path = "open-Info.plist"; sourceTree = "<group>"; };
		44B610DB1A1112E5003C5AAE /* en */ = {isa = PBXFileReference; lastKnownFileType = text.plist.strings; name = en; path = en.lproj/InfoPlist.strings; sourceTree = "<group>"; };
		44B610DD1A1112E5003C5AAE /* main.m */ = {isa = PBXFileReference; lastKnownFileType = sourcecode.c.objc; path = main.m; sourceTree = "<group>"; };
		44B610DF1A1112E5003C5AAE /* open-Prefix.pch */ = {isa = PBXFileReference; lastKnownFileType = sourcecode.c.h; path = "open-Prefix.pch"; sourceTree = "<group>"; };
		44B610E01A1112E5003C5AAE /* AppDelegate.h */ = {isa = PBXFileReference; lastKnownFileType = sourcecode.c.h; path = AppDelegate.h; sourceTree = "<group>"; };
		44B610E11A1112E5003C5AAE /* AppDelegate.m */ = {isa = PBXFileReference; lastKnownFileType = sourcecode.c.objc; path = AppDelegate.m; sourceTree = "<group>"; };
		44B610E41A1112E5003C5AAE /* Base */ = {isa = PBXFileReference; lastKnownFileType = file.storyboard; name = Base; path = Base.lproj/Main.storyboard; sourceTree = "<group>"; };
		44B610E61A1112E5003C5AAE /* ViewController.h */ = {isa = PBXFileReference; lastKnownFileType = sourcecode.c.h; path = ViewController.h; sourceTree = "<group>"; };
		44B610E71A1112E5003C5AAE /* ViewController.m */ = {isa = PBXFileReference; lastKnownFileType = sourcecode.c.objc; path = ViewController.m; sourceTree = "<group>"; };
		44B610E91A1112E5003C5AAE /* Images.xcassets */ = {isa = PBXFileReference; lastKnownFileType = folder.assetcatalog; path = Images.xcassets; sourceTree = "<group>"; };
		44B610EF1A1112E5003C5AAE /* openTests.xctest */ = {isa = PBXFileReference; explicitFileType = wrapper.cfbundle; includeInIndex = 0; path = openTests.xctest; sourceTree = BUILT_PRODUCTS_DIR; };
		44B610F01A1112E5003C5AAE /* XCTest.framework */ = {isa = PBXFileReference; lastKnownFileType = wrapper.framework; name = XCTest.framework; path = Library/Frameworks/XCTest.framework; sourceTree = DEVELOPER_DIR; };
		44B610F81A1112E6003C5AAE /* openTests-Info.plist */ = {isa = PBXFileReference; lastKnownFileType = text.plist.xml; path = "openTests-Info.plist"; sourceTree = "<group>"; };
		44B610FA1A1112E6003C5AAE /* en */ = {isa = PBXFileReference; lastKnownFileType = text.plist.strings; name = en; path = en.lproj/InfoPlist.strings; sourceTree = "<group>"; };
		44B610FC1A1112E6003C5AAE /* openTests.m */ = {isa = PBXFileReference; lastKnownFileType = sourcecode.c.objc; path = openTests.m; sourceTree = "<group>"; };
		44B611061A1113E5003C5AAE /* images.jpeg */ = {isa = PBXFileReference; lastKnownFileType = image.jpeg; name = images.jpeg; path = ../../../Downloads/images.jpeg; sourceTree = "<group>"; };
		44B611081A1114EF003C5AAE /* heart.png */ = {isa = PBXFileReference; lastKnownFileType = image.png; name = heart.png; path = ../../../Downloads/heart.png; sourceTree = "<group>"; };
/* End PBXFileReference section */

/* Begin PBXFrameworksBuildPhase section */
		44B610CB1A1112E5003C5AAE /* Frameworks */ = {
			isa = PBXFrameworksBuildPhase;
			buildActionMask = 2147483647;
			files = (
				44B610D41A1112E5003C5AAE /* CoreGraphics.framework in Frameworks */,
				44B610D61A1112E5003C5AAE /* UIKit.framework in Frameworks */,
				44B610D21A1112E5003C5AAE /* Foundation.framework in Frameworks */,
			);
			runOnlyForDeploymentPostprocessing = 0;
		};
		44B610EC1A1112E5003C5AAE /* Frameworks */ = {
			isa = PBXFrameworksBuildPhase;
			buildActionMask = 2147483647;
			files = (
				44B610F11A1112E5003C5AAE /* XCTest.framework in Frameworks */,
				44B610F31A1112E5003C5AAE /* UIKit.framework in Frameworks */,
				44B610F21A1112E5003C5AAE /* Foundation.framework in Frameworks */,
			);
			runOnlyForDeploymentPostprocessing = 0;
		};
/* End PBXFrameworksBuildPhase section */

/* Begin PBXGroup section */
		44B610C51A1112E5003C5AAE = {
			isa = PBXGroup;
			children = (
				44B610D71A1112E5003C5AAE /* open */,
				44B610F61A1112E6003C5AAE /* openTests */,
				44B610D01A1112E5003C5AAE /* Frameworks */,
				44B610CF1A1112E5003C5AAE /* Products */,
			);
			sourceTree = "<group>";
		};
		44B610CF1A1112E5003C5AAE /* Products */ = {
			isa = PBXGroup;
			children = (
				44B610CE1A1112E5003C5AAE /* open.app */,
				44B610EF1A1112E5003C5AAE /* openTests.xctest */,
			);
			name = Products;
			sourceTree = "<group>";
		};
		44B610D01A1112E5003C5AAE /* Frameworks */ = {
			isa = PBXGroup;
			children = (
				44B610D11A1112E5003C5AAE /* Foundation.framework */,
				44B610D31A1112E5003C5AAE /* CoreGraphics.framework */,
				44B610D51A1112E5003C5AAE /* UIKit.framework */,
				44B610F01A1112E5003C5AAE /* XCTest.framework */,
			);
			name = Frameworks;
			sourceTree = "<group>";
		};
		44B610D71A1112E5003C5AAE /* open */ = {
			isa = PBXGroup;
			children = (
				44B611081A1114EF003C5AAE /* heart.png */,
				44B611061A1113E5003C5AAE /* images.jpeg */,
				44B610E01A1112E5003C5AAE /* AppDelegate.h */,
				44B610E11A1112E5003C5AAE /* AppDelegate.m */,
				44B610E31A1112E5003C5AAE /* Main.storyboard */,
				44B610E61A1112E5003C5AAE /* ViewController.h */,
				44B610E71A1112E5003C5AAE /* ViewController.m */,
				44B610E91A1112E5003C5AAE /* Images.xcassets */,
				44B610D81A1112E5003C5AAE /* Supporting Files */,
			);
			path = open;
			sourceTree = "<group>";
		};
		44B610D81A1112E5003C5AAE /* Supporting Files */ = {
			isa = PBXGroup;
			children = (
				44B610D91A1112E5003C5AAE /* open-Info.plist */,
				44B610DA1A1112E5003C5AAE /* InfoPlist.strings */,
				44B610DD1A1112E5003C5AAE /* main.m */,
				44B610DF1A1112E5003C5AAE /* open-Prefix.pch */,
			);
			name = "Supporting Files";
			sourceTree = "<group>";
		};
		44B610F61A1112E6003C5AAE /* openTests */ = {
			isa = PBXGroup;
			children = (
				44B610FC1A1112E6003C5AAE /* openTests.m */,
				44B610F71A1112E6003C5AAE /* Supporting Files */,
			);
			path = openTests;
			sourceTree = "<group>";
		};
		44B610F71A1112E6003C5AAE /* Supporting Files */ = {
			isa = PBXGroup;
			children = (
				44B610F81A1112E6003C5AAE /* openTests-Info.plist */,
				44B610F91A1112E6003C5AAE /* InfoPlist.strings */,
			);
			name = "Supporting Files";
			sourceTree = "<group>";
		};
/* End PBXGroup section */

/* Begin PBXNativeTarget section */
		44B610CD1A1112E5003C5AAE /* open */ = {
			isa = PBXNativeTarget;
			buildConfigurationList = 44B611001A1112E6003C5AAE /* Build configuration list for PBXNativeTarget "open" */;
			buildPhases = (
				44B610CA1A1112E5003C5AAE /* Sources */,
				44B610CB1A1112E5003C5AAE /* Frameworks */,
				44B610CC1A1112E5003C5AAE /* Resources */,
			);
			buildRules = (
			);
			dependencies = (
			);
			name = open;
			productName = open;
			productReference = 44B610CE1A1112E5003C5AAE /* open.app */;
			productType = "com.apple.product-type.application";
		};
		44B610EE1A1112E5003C5AAE /* openTests */ = {
			isa = PBXNativeTarget;
			buildConfigurationList = 44B611031A1112E6003C5AAE /* Build configuration list for PBXNativeTarget "openTests" */;
			buildPhases = (
				44B610EB1A1112E5003C5AAE /* Sources */,
				44B610EC1A1112E5003C5AAE /* Frameworks */,
				44B610ED1A1112E5003C5AAE /* Resources */,
			);
			buildRules = (
			);
			dependencies = (
				44B610F51A1112E6003C5AAE /* PBXTargetDependency */,
			);
			name = openTests;
			productName = openTests;
			productReference = 44B610EF1A1112E5003C5AAE /* openTests.xctest */;
			productType = "com.apple.product-type.bundle.unit-test";
		};
/* End PBXNativeTarget section */

/* Begin PBXProject section */
		44B610C61A1112E5003C5AAE /* Project object */ = {
			isa = PBXProject;
			attributes = {
				LastUpgradeCheck = 0510;
				ORGANIZATIONNAME = OSher;
				TargetAttributes = {
					44B610CD1A1112E5003C5AAE = {
						DevelopmentTeam = 2JZ5ZGJWC8;
					};
					44B610EE1A1112E5003C5AAE = {
						TestTargetID = 44B610CD1A1112E5003C5AAE;
					};
				};
			};
			buildConfigurationList = 44B610C91A1112E5003C5AAE /* Build configuration list for PBXProject "open" */;
			compatibilityVersion = "Xcode 3.2";
			developmentRegion = English;
			hasScannedForEncodings = 0;
			knownRegions = (
				en,
				Base,
			);
			mainGroup = 44B610C51A1112E5003C5AAE;
			productRefGroup = 44B610CF1A1112E5003C5AAE /* Products */;
			projectDirPath = "";
			projectRoot = "";
			targets = (
				44B610CD1A1112E5003C5AAE /* open */,
				44B610EE1A1112E5003C5AAE /* openTests */,
			);
		};
/* End PBXProject section */

/* Begin PBXResourcesBuildPhase section */
		44B610CC1A1112E5003C5AAE /* Resources */ = {
			isa = PBXResourcesBuildPhase;
			buildActionMask = 2147483647;
			files = (
				44B610EA1A1112E5003C5AAE /* Images.xcassets in Resources */,
				44B611071A1113E5003C5AAE /* images.jpeg in Resources */,
				44B611091A1114EF003C5AAE /* heart.png in Resources */,
				44B610DC1A1112E5003C5AAE /* InfoPlist.strings in Resources */,
				44B610E51A1112E5003C5AAE /* Main.storyboard in Resources */,
			);
			runOnlyForDeploymentPostprocessing = 0;
		};
		44B610ED1A1112E5003C5AAE /* Resources */ = {
			isa = PBXResourcesBuildPhase;
			buildActionMask = 2147483647;
			files = (
				44B610FB1A1112E6003C5AAE /* InfoPlist.strings in Resources */,
			);
			runOnlyForDeploymentPostprocessing = 0;
		};
/* End PBXResourcesBuildPhase section */

/* Begin PBXSourcesBuildPhase section */
		44B610CA1A1112E5003C5AAE /* Sources */ = {
			isa = PBXSourcesBuildPhase;
			buildActionMask = 2147483647;
			files = (
				44B610E81A1112E5003C5AAE /* ViewController.m in Sources */,
				44B610E21A1112E5003C5AAE /* AppDelegate.m in Sources */,
				44B610DE1A1112E5003C5AAE /* main.m in Sources */,
			);
			runOnlyForDeploymentPostprocessing = 0;
		};
		44B610EB1A1112E5003C5AAE /* Sources */ = {
			isa = PBXSourcesBuildPhase;
			buildActionMask = 2147483647;
			files = (
				44B610FD1A1112E6003C5AAE /* openTests.m in Sources */,
			);
			runOnlyForDeploymentPostprocessing = 0;
		};
/* End PBXSourcesBuildPhase section */

/* Begin PBXTargetDependency section */
		44B610F51A1112E6003C5AAE /* PBXTargetDependency */ = {
			isa = PBXTargetDependency;
			target = 44B610CD1A1112E5003C5AAE /* open */;
			targetProxy = 44B610F41A1112E6003C5AAE /* PBXContainerItemProxy */;
		};
/* End PBXTargetDependency section */

/* Begin PBXVariantGroup section */
		44B610DA1A1112E5003C5AAE /* InfoPlist.strings */ = {
			isa = PBXVariantGroup;
			children = (
				44B610DB1A1112E5003C5AAE /* en */,
			);
			name = InfoPlist.strings;
			sourceTree = "<group>";
		};
		44B610E31A1112E5003C5AAE /* Main.storyboard */ = {
			isa = PBXVariantGroup;
			children = (
				44B610E41A1112E5003C5AAE /* Base */,
			);
			name = Main.storyboard;
			sourceTree = "<group>";
		};
		44B610F91A1112E6003C5AAE /* InfoPlist.strings */ = {
			isa = PBXVariantGroup;
			children = (
				44B610FA1A1112E6003C5AAE /* en */,
			);
			name = InfoPlist.strings;
			sourceTree = "<group>";
		};
/* End PBXVariantGroup section */

/* Begin XCBuildConfiguration section */
		44B610FE1A1112E6003C5AAE /* Debug */ = {
			isa = XCBuildConfiguration;
			buildSettings = {
				ALWAYS_SEARCH_USER_PATHS = NO;
				CLANG_CXX_LANGUAGE_STANDARD = "gnu++0x";
				CLANG_CXX_LIBRARY = "libc++";
				CLANG_ENABLE_MODULES = YES;
				CLANG_ENABLE_OBJC_ARC = YES;
				CLANG_WARN_BOOL_CONVERSION = YES;
				CLANG_WARN_CONSTANT_CONVERSION = YES;
				CLANG_WARN_DIRECT_OBJC_ISA_USAGE = YES_ERROR;
				CLANG_WARN_EMPTY_BODY = YES;
				CLANG_WARN_ENUM_CONVERSION = YES;
				CLANG_WARN_INT_CONVERSION = YES;
				CLANG_WARN_OBJC_ROOT_CLASS = YES_ERROR;
				CLANG_WARN__DUPLICATE_METHOD_MATCH = YES;
				"CODE_SIGN_IDENTITY[sdk=iphoneos*]" = "iPhone Developer";
				COPY_PHASE_STRIP = NO;
				GCC_C_LANGUAGE_STANDARD = gnu99;
				GCC_DYNAMIC_NO_PIC = NO;
				GCC_OPTIMIZATION_LEVEL = 0;
				GCC_PREPROCESSOR_DEFINITIONS = (
					"DEBUG=1",
					"$(inherited)",
				);
				GCC_SYMBOLS_PRIVATE_EXTERN = NO;
				GCC_WARN_64_TO_32_BIT_CONVERSION = YES;
				GCC_WARN_ABOUT_RETURN_TYPE = YES_ERROR;
				GCC_WARN_UNDECLARED_SELECTOR = YES;
				GCC_WARN_UNINITIALIZED_AUTOS = YES_AGGRESSIVE;
				GCC_WARN_UNUSED_FUNCTION = YES;
				GCC_WARN_UNUSED_VARIABLE = YES;
				IPHONEOS_DEPLOYMENT_TARGET = 7.1;
				ONLY_ACTIVE_ARCH = YES;
				SDKROOT = iphoneos;
				TARGETED_DEVICE_FAMILY = 2;
			};
			name = Debug;
		};
		44B610FF1A1112E6003C5AAE /* Release */ = {
			isa = XCBuildConfiguration;
			buildSettings = {
				ALWAYS_SEARCH_USER_PATHS = NO;
				CLANG_CXX_LANGUAGE_STANDARD = "gnu++0x";
				CLANG_CXX_LIBRARY = "libc++";
				CLANG_ENABLE_MODULES = YES;
				CLANG_ENABLE_OBJC_ARC = YES;
				CLANG_WARN_BOOL_CONVERSION = YES;
				CLANG_WARN_CONSTANT_CONVERSION = YES;
				CLANG_WARN_DIRECT_OBJC_ISA_USAGE = YES_ERROR;
				CLANG_WARN_EMPTY_BODY = YES;
				CLANG_WARN_ENUM_CONVERSION = YES;
				CLANG_WARN_INT_CONVERSION = YES;
				CLANG_WARN_OBJC_ROOT_CLASS = YES_ERROR;
				CLANG_WARN__DUPLICATE_METHOD_MATCH = YES;
				"CODE_SIGN_IDENTITY[sdk=iphoneos*]" = "iPhone Developer";
				COPY_PHASE_STRIP = YES;
				ENABLE_NS_ASSERTIONS = NO;
				GCC_C_LANGUAGE_STANDARD = gnu99;
				GCC_WARN_64_TO_32_BIT_CONVERSION = YES;
				GCC_WARN_ABOUT_RETURN_TYPE = YES_ERROR;
				GCC_WARN_UNDECLARED_SELECTOR = YES;
				GCC_WARN_UNINITIALIZED_AUTOS = YES_AGGRESSIVE;
				GCC_WARN_UNUSED_FUNCTION = YES;
				GCC_WARN_UNUSED_VARIABLE = YES;
				IPHONEOS_DEPLOYMENT_TARGET = 7.1;
				SDKROOT = iphoneos;
				TARGETED_DEVICE_FAMILY = 2;
				VALIDATE_PRODUCT = YES;
			};
			name = Release;
		};
		44B611011A1112E6003C5AAE /* Debug */ = {
			isa = XCBuildConfiguration;
			buildSettings = {
				ASSETCATALOG_COMPILER_APPICON_NAME = AppIcon;
				ASSETCATALOG_COMPILER_LAUNCHIMAGE_NAME = LaunchImage;
				CODE_SIGN_IDENTITY = "iPhone Developer";
				GCC_PRECOMPILE_PREFIX_HEADER = YES;
				GCC_PREFIX_HEADER = "open/open-Prefix.pch";
				INFOPLIST_FILE = "open/open-Info.plist";
				PRODUCT_NAME = "$(TARGET_NAME)";
				WRAPPER_EXTENSION = app;
			};
			name = Debug;
		};
		44B611021A1112E6003C5AAE /* Release */ = {
			isa = XCBuildConfiguration;
			buildSettings = {
				ASSETCATALOG_COMPILER_APPICON_NAME = AppIcon;
				ASSETCATALOG_COMPILER_LAUNCHIMAGE_NAME = LaunchImage;
				CODE_SIGN_IDENTITY = "iPhone Developer";
				GCC_PRECOMPILE_PREFIX_HEADER = YES;
				GCC_PREFIX_HEADER = "open/open-Prefix.pch";
				INFOPLIST_FILE = "open/open-Info.plist";
				PRODUCT_NAME = "$(TARGET_NAME)";
				WRAPPER_EXTENSION = app;
			};
			name = Release;
		};
		44B611041A1112E6003C5AAE /* Debug */ = {
			isa = XCBuildConfiguration;
			buildSettings = {
				BUNDLE_LOADER = "$(BUILT_PRODUCTS_DIR)/open.app/open";
				FRAMEWORK_SEARCH_PATHS = (
					"$(SDKROOT)/Developer/Library/Frameworks",
					"$(inherited)",
					"$(DEVELOPER_FRAMEWORKS_DIR)",
				);
				GCC_PRECOMPILE_PREFIX_HEADER = YES;
				GCC_PREFIX_HEADER = "open/open-Prefix.pch";
				GCC_PREPROCESSOR_DEFINITIONS = (
					"DEBUG=1",
					"$(inherited)",
				);
				INFOPLIST_FILE = "openTests/openTests-Info.plist";
				PRODUCT_NAME = "$(TARGET_NAME)";
				TEST_HOST = "$(BUNDLE_LOADER)";
				WRAPPER_EXTENSION = xctest;
			};
			name = Debug;
		};
		44B611051A1112E6003C5AAE /* Release */ = {
			isa = XCBuildConfiguration;
			buildSettings = {
				BUNDLE_LOADER = "$(BUILT_PRODUCTS_DIR)/open.app/open";
				FRAMEWORK_SEARCH_PATHS = (
					"$(SDKROOT)/Developer/Library/Frameworks",
					"$(inherited)",
					"$(DEVELOPER_FRAMEWORKS_DIR)",
				);
				GCC_PRECOMPILE_PREFIX_HEADER = YES;
				GCC_PREFIX_HEADER = "open/open-Prefix.pch";
				INFOPLIST_FILE = "openTests/openTests-Info.plist";
				PRODUCT_NAME = "$(TARGET_NAME)";
				TEST_HOST = "$(BUNDLE_LOADER)";
				WRAPPER_EXTENSION = xctest;
			};
			name = Release;
		};
/* End XCBuildConfiguration section */

/* Begin XCConfigurationList section */
		44B610C91A1112E5003C5AAE /* Build configuration list for PBXProject "open" */ = {
			isa = XCConfigurationList;
			buildConfigurations = (
				44B610FE1A1112E6003C5AAE /* Debug */,
				44B610FF1A1112E6003C5AAE /* Release */,
			);
			defaultConfigurationIsVisible = 0;
			defaultConfigurationName = Release;
		};
		44B611001A1112E6003C5AAE /* Build configuration list for PBXNativeTarget "open" */ = {
			isa = XCConfigurationList;
			buildConfigurations = (
				44B611011A1112E6003C5AAE /* Debug */,
				44B611021A1112E6003C5AAE /* Release */,
			);
			defaultConfigurationIsVisible = 0;
		};
		44B611031A1112E6003C5AAE /* Build configuration list for PBXNativeTarget "openTests" */ = {
			isa = XCConfigurationList;
			buildConfigurations = (
				44B611041A1112E6003C5AAE /* Debug */,
				44B611051A1112E6003C5AAE /* Release */,
			);
			defaultConfigurationIsVisible = 0;
		};
/* End XCConfigurationList section */
	};
	rootObject = 44B610C61A1112E5003C5AAE /* Project object */;
}
